
Microsoft Visual Studio Solution File, Format Version 12.00
# Visual Studio Version 17
VisualStudioVersion = 17.0.31903.59
MinimumVisualStudioVersion = 10.0.40219.1
Project("{9A19103F-16F7-4668-BE54-9A1E7A4F7556}") = "WSD.ApiGateway.App", "ApiGateway\WSD.ApiGateway.App\WSD.ApiGateway.App.csproj", "{CEFB05F2-D7EE-4574-B4DD-C71A77109FD9}"
EndProject
Project("{2150E333-8FDC-42A3-9474-1A3956D46DE8}") = "SolutionItems", "SolutionItems", "{44353A48-410E-48D5-9A5B-0D63710FF2B2}"
	ProjectSection(SolutionItems) = preProject
		.dockerignore = .dockerignore
		..\.gitignore = ..\.gitignore
		Directory.Build.props = Directory.Build.props
		Directory.Packages.props = Directory.Packages.props
	EndProjectSection
EndProject
Project("{2150E333-8FDC-42A3-9474-1A3956D46DE8}") = "WSD.ApiGateway", "WSD.ApiGateway", "{43B64FC7-FA17-4618-BD69-1B823E9BF5BC}"
EndProject
Project("{2150E333-8FDC-42A3-9474-1A3956D46DE8}") = "WSD.Services", "WSD.Services", "{F83509F2-C50C-4B65-927E-C363D494164F}"
EndProject
Project("{9A19103F-16F7-4668-BE54-9A1E7A4F7556}") = "WSD.Catalog.Presentation", "Services\WSD.Catalog.Presentation\WSD.Catalog.Presentation.csproj", "{3DD51B61-C655-43E3-8C53-1C9B968A4877}"
EndProject
Project("{9A19103F-16F7-4668-BE54-9A1E7A4F7556}") = "WSD.Catalog.Infrastructure", "Services\WSD.Catalog.Infrastructure\WSD.Catalog.Infrastructure.csproj", "{3F48B745-804A-4C8E-A7F7-AB32C4F2DDC2}"
EndProject
Project("{9A19103F-16F7-4668-BE54-9A1E7A4F7556}") = "WSD.Catalog.Domain", "Services\WSD.Catalog.Domain\WSD.Catalog.Domain.csproj", "{DA8E7F49-946F-457F-935C-D35472266470}"
EndProject
Project("{9A19103F-16F7-4668-BE54-9A1E7A4F7556}") = "WSD.Catalog.Application", "Services\WSD.Catalog.Application\WSD.Catalog.Application.csproj", "{64A695FE-6F5F-4D9D-BC32-3EE1CF1B152A}"
EndProject
Project("{2150E333-8FDC-42A3-9474-1A3956D46DE8}") = "tests", "tests", "{5EFB4718-03AF-4A84-B908-BD554FBB247F}"
EndProject
Project("{2150E333-8FDC-42A3-9474-1A3956D46DE8}") = "WSD.Common", "WSD.Common", "{67C125C9-816C-4FAB-98B9-466DC9FD4397}"
EndProject
Project("{9A19103F-16F7-4668-BE54-9A1E7A4F7556}") = "WSD.Common", "WSD.Common\WSD.Common.csproj", "{8C4F938B-6C74-4BCC-BB60-E465E971DB84}"
EndProject
Project("{9A19103F-16F7-4668-BE54-9A1E7A4F7556}") = "WSD.Common.Tools", "WSD.Common.Tools\WSD.Common.Tools.csproj", "{B854FCA2-9519-4E94-87E3-419EB77BE3A6}"
EndProject
Project("{9A19103F-16F7-4668-BE54-9A1E7A4F7556}") = "WSD.Catalog.Infrastructure.Setup", "Services\WSD.Catalog.Infrastructure.Setup\WSD.Catalog.Infrastructure.Setup.csproj", "{77F4449D-1DCC-4288-B048-205BC9005CB8}"
EndProject
Project("{9A19103F-16F7-4668-BE54-9A1E7A4F7556}") = "WSD.Catalog.Presentation.IntegrationTests.xUnit", "Services\Tests\WSD.Catalog.Presentation.IntegrationTests.xUnit\WSD.Catalog.Presentation.IntegrationTests.xUnit.csproj", "{96F4A962-727A-42AD-8D08-3ADBDACF2BEA}"
EndProject
Project("{9A19103F-16F7-4668-BE54-9A1E7A4F7556}") = "WSD.Catalog.Presentation.IntegrationTests.nUnit", "Services\Tests\WSD.Catalog.Presentation.IntegrationTests.nUnit\WSD.Catalog.Presentation.IntegrationTests.nUnit.csproj", "{6DC24433-498E-49B6-8B6B-C23EA3B383AE}"
EndProject
Project("{9A19103F-16F7-4668-BE54-9A1E7A4F7556}") = "WSD.Catalog.Presentation.IntegrationTests.msTest", "Services\Tests\WSD.Catalog.Presentation.IntegrationTests.msTest\WSD.Catalog.Presentation.IntegrationTests.msTest.csproj", "{4975F8AB-16D8-45EA-885D-E12FF4C19560}"
EndProject
Project("{9A19103F-16F7-4668-BE54-9A1E7A4F7556}") = "WSD.Catalog.Domain.UnitTests.msTest", "Services\Tests\WSD.Catalog.Domain.UnitTests.msTest\WSD.Catalog.Domain.UnitTests.msTest.csproj", "{BF649937-50E9-4070-BBB2-588C5CC7286F}"
EndProject
Project("{9A19103F-16F7-4668-BE54-9A1E7A4F7556}") = "WSD.Catalog.Domain.UnitTests.nUnit", "Services\Tests\WSD.Catalog.Domain.UnitTests.nUnit\WSD.Catalog.Domain.UnitTests.nUnit.csproj", "{246CC7EB-E891-43E6-9035-437C2FFAD332}"
EndProject
Global
	GlobalSection(SolutionConfigurationPlatforms) = preSolution
		Debug|Any CPU = Debug|Any CPU
		Release|Any CPU = Release|Any CPU
	EndGlobalSection
	GlobalSection(ProjectConfigurationPlatforms) = postSolution
		{CEFB05F2-D7EE-4574-B4DD-C71A77109FD9}.Debug|Any CPU.ActiveCfg = Debug|Any CPU
		{CEFB05F2-D7EE-4574-B4DD-C71A77109FD9}.Debug|Any CPU.Build.0 = Debug|Any CPU
		{CEFB05F2-D7EE-4574-B4DD-C71A77109FD9}.Release|Any CPU.ActiveCfg = Release|Any CPU
		{CEFB05F2-D7EE-4574-B4DD-C71A77109FD9}.Release|Any CPU.Build.0 = Release|Any CPU
		{3DD51B61-C655-43E3-8C53-1C9B968A4877}.Debug|Any CPU.ActiveCfg = Debug|Any CPU
		{3DD51B61-C655-43E3-8C53-1C9B968A4877}.Debug|Any CPU.Build.0 = Debug|Any CPU
		{3DD51B61-C655-43E3-8C53-1C9B968A4877}.Release|Any CPU.ActiveCfg = Release|Any CPU
		{3DD51B61-C655-43E3-8C53-1C9B968A4877}.Release|Any CPU.Build.0 = Release|Any CPU
		{3F48B745-804A-4C8E-A7F7-AB32C4F2DDC2}.Debug|Any CPU.ActiveCfg = Debug|Any CPU
		{3F48B745-804A-4C8E-A7F7-AB32C4F2DDC2}.Debug|Any CPU.Build.0 = Debug|Any CPU
		{3F48B745-804A-4C8E-A7F7-AB32C4F2DDC2}.Release|Any CPU.ActiveCfg = Release|Any CPU
		{3F48B745-804A-4C8E-A7F7-AB32C4F2DDC2}.Release|Any CPU.Build.0 = Release|Any CPU
		{DA8E7F49-946F-457F-935C-D35472266470}.Debug|Any CPU.ActiveCfg = Debug|Any CPU
		{DA8E7F49-946F-457F-935C-D35472266470}.Debug|Any CPU.Build.0 = Debug|Any CPU
		{DA8E7F49-946F-457F-935C-D35472266470}.Release|Any CPU.ActiveCfg = Release|Any CPU
		{DA8E7F49-946F-457F-935C-D35472266470}.Release|Any CPU.Build.0 = Release|Any CPU
		{64A695FE-6F5F-4D9D-BC32-3EE1CF1B152A}.Debug|Any CPU.ActiveCfg = Debug|Any CPU
		{64A695FE-6F5F-4D9D-BC32-3EE1CF1B152A}.Debug|Any CPU.Build.0 = Debug|Any CPU
		{64A695FE-6F5F-4D9D-BC32-3EE1CF1B152A}.Release|Any CPU.ActiveCfg = Release|Any CPU
		{64A695FE-6F5F-4D9D-BC32-3EE1CF1B152A}.Release|Any CPU.Build.0 = Release|Any CPU
		{8C4F938B-6C74-4BCC-BB60-E465E971DB84}.Debug|Any CPU.ActiveCfg = Debug|Any CPU
		{8C4F938B-6C74-4BCC-BB60-E465E971DB84}.Debug|Any CPU.Build.0 = Debug|Any CPU
		{8C4F938B-6C74-4BCC-BB60-E465E971DB84}.Release|Any CPU.ActiveCfg = Release|Any CPU
		{8C4F938B-6C74-4BCC-BB60-E465E971DB84}.Release|Any CPU.Build.0 = Release|Any CPU
		{B854FCA2-9519-4E94-87E3-419EB77BE3A6}.Debug|Any CPU.ActiveCfg = Debug|Any CPU
		{B854FCA2-9519-4E94-87E3-419EB77BE3A6}.Debug|Any CPU.Build.0 = Debug|Any CPU
		{B854FCA2-9519-4E94-87E3-419EB77BE3A6}.Release|Any CPU.ActiveCfg = Release|Any CPU
		{B854FCA2-9519-4E94-87E3-419EB77BE3A6}.Release|Any CPU.Build.0 = Release|Any CPU
		{77F4449D-1DCC-4288-B048-205BC9005CB8}.Debug|Any CPU.ActiveCfg = Debug|Any CPU
		{77F4449D-1DCC-4288-B048-205BC9005CB8}.Debug|Any CPU.Build.0 = Debug|Any CPU
		{77F4449D-1DCC-4288-B048-205BC9005CB8}.Release|Any CPU.ActiveCfg = Release|Any CPU
		{77F4449D-1DCC-4288-B048-205BC9005CB8}.Release|Any CPU.Build.0 = Release|Any CPU
		{96F4A962-727A-42AD-8D08-3ADBDACF2BEA}.Debug|Any CPU.ActiveCfg = Debug|Any CPU
		{96F4A962-727A-42AD-8D08-3ADBDACF2BEA}.Debug|Any CPU.Build.0 = Debug|Any CPU
		{96F4A962-727A-42AD-8D08-3ADBDACF2BEA}.Release|Any CPU.ActiveCfg = Release|Any CPU
		{96F4A962-727A-42AD-8D08-3ADBDACF2BEA}.Release|Any CPU.Build.0 = Release|Any CPU
		{6DC24433-498E-49B6-8B6B-C23EA3B383AE}.Debug|Any CPU.ActiveCfg = Debug|Any CPU
		{6DC24433-498E-49B6-8B6B-C23EA3B383AE}.Debug|Any CPU.Build.0 = Debug|Any CPU
		{6DC24433-498E-49B6-8B6B-C23EA3B383AE}.Release|Any CPU.ActiveCfg = Release|Any CPU
		{6DC24433-498E-49B6-8B6B-C23EA3B383AE}.Release|Any CPU.Build.0 = Release|Any CPU
		{4975F8AB-16D8-45EA-885D-E12FF4C19560}.Debug|Any CPU.ActiveCfg = Debug|Any CPU
		{4975F8AB-16D8-45EA-885D-E12FF4C19560}.Debug|Any CPU.Build.0 = Debug|Any CPU
		{4975F8AB-16D8-45EA-885D-E12FF4C19560}.Release|Any CPU.ActiveCfg = Release|Any CPU
		{4975F8AB-16D8-45EA-885D-E12FF4C19560}.Release|Any CPU.Build.0 = Release|Any CPU
		{BF649937-50E9-4070-BBB2-588C5CC7286F}.Debug|Any CPU.ActiveCfg = Debug|Any CPU
		{BF649937-50E9-4070-BBB2-588C5CC7286F}.Debug|Any CPU.Build.0 = Debug|Any CPU
		{BF649937-50E9-4070-BBB2-588C5CC7286F}.Release|Any CPU.ActiveCfg = Release|Any CPU
		{BF649937-50E9-4070-BBB2-588C5CC7286F}.Release|Any CPU.Build.0 = Release|Any CPU
		{246CC7EB-E891-43E6-9035-437C2FFAD332}.Debug|Any CPU.ActiveCfg = Debug|Any CPU
		{246CC7EB-E891-43E6-9035-437C2FFAD332}.Debug|Any CPU.Build.0 = Debug|Any CPU
		{246CC7EB-E891-43E6-9035-437C2FFAD332}.Release|Any CPU.ActiveCfg = Release|Any CPU
		{246CC7EB-E891-43E6-9035-437C2FFAD332}.Release|Any CPU.Build.0 = Release|Any CPU
	EndGlobalSection
	GlobalSection(SolutionProperties) = preSolution
		HideSolutionNode = FALSE
	EndGlobalSection
	GlobalSection(NestedProjects) = preSolution
		{CEFB05F2-D7EE-4574-B4DD-C71A77109FD9} = {43B64FC7-FA17-4618-BD69-1B823E9BF5BC}
		{3DD51B61-C655-43E3-8C53-1C9B968A4877} = {F83509F2-C50C-4B65-927E-C363D494164F}
		{3F48B745-804A-4C8E-A7F7-AB32C4F2DDC2} = {F83509F2-C50C-4B65-927E-C363D494164F}
		{DA8E7F49-946F-457F-935C-D35472266470} = {F83509F2-C50C-4B65-927E-C363D494164F}
		{64A695FE-6F5F-4D9D-BC32-3EE1CF1B152A} = {F83509F2-C50C-4B65-927E-C363D494164F}
		{5EFB4718-03AF-4A84-B908-BD554FBB247F} = {F83509F2-C50C-4B65-927E-C363D494164F}
		{8C4F938B-6C74-4BCC-BB60-E465E971DB84} = {67C125C9-816C-4FAB-98B9-466DC9FD4397}
		{B854FCA2-9519-4E94-87E3-419EB77BE3A6} = {67C125C9-816C-4FAB-98B9-466DC9FD4397}
		{77F4449D-1DCC-4288-B048-205BC9005CB8} = {F83509F2-C50C-4B65-927E-C363D494164F}
		{96F4A962-727A-42AD-8D08-3ADBDACF2BEA} = {5EFB4718-03AF-4A84-B908-BD554FBB247F}
		{6DC24433-498E-49B6-8B6B-C23EA3B383AE} = {5EFB4718-03AF-4A84-B908-BD554FBB247F}
		{4975F8AB-16D8-45EA-885D-E12FF4C19560} = {5EFB4718-03AF-4A84-B908-BD554FBB247F}
		{BF649937-50E9-4070-BBB2-588C5CC7286F} = {5EFB4718-03AF-4A84-B908-BD554FBB247F}
		{246CC7EB-E891-43E6-9035-437C2FFAD332} = {5EFB4718-03AF-4A84-B908-BD554FBB247F}
	EndGlobalSection
	GlobalSection(ExtensibilityGlobals) = postSolution
		SolutionGuid = {E87BADE0-EDBC-449F-9168-10D407AEBC53}
	EndGlobalSection
EndGlobal
